// !$*UTF8*$!
{
	archiveVersion = 1;
	classes = {
	};
	objectVersion = 50;
	objects = {

/* Begin PBXBuildFile section */
		D03FB715258CDB8B001E28DB /* NegaDeveloping.swift in Sources */ = {isa = PBXBuildFile; fileRef = D03FB714258CDB8B001E28DB /* NegaDeveloping.swift */; };
		D03FB719258CDC0D001E28DB /* ToneCurveFilterUseCase.swift in Sources */ = {isa = PBXBuildFile; fileRef = D03FB718258CDC0D001E28DB /* ToneCurveFilterUseCase.swift */; };
		D03FB71E258CE8A1001E28DB /* ToneCurvePointsModel.swift in Sources */ = {isa = PBXBuildFile; fileRef = D03FB71D258CE8A1001E28DB /* ToneCurvePointsModel.swift */; };
		D03FB724258CE987001E28DB /* RgbChannelCompositing.metal in Sources */ = {isa = PBXBuildFile; fileRef = D03FB723258CE987001E28DB /* RgbChannelCompositing.metal */; };
		D03FB738258D008C001E28DB /* NegaDevelopingSampleApp.swift in Sources */ = {isa = PBXBuildFile; fileRef = D03FB737258D008C001E28DB /* NegaDevelopingSampleApp.swift */; };
		D03FB73A258D008C001E28DB /* ContentView.swift in Sources */ = {isa = PBXBuildFile; fileRef = D03FB739258D008C001E28DB /* ContentView.swift */; };
		D03FB73C258D0095001E28DB /* Assets.xcassets in Resources */ = {isa = PBXBuildFile; fileRef = D03FB73B258D0095001E28DB /* Assets.xcassets */; };
		D03FB73F258D0095001E28DB /* Preview Assets.xcassets in Resources */ = {isa = PBXBuildFile; fileRef = D03FB73E258D0095001E28DB /* Preview Assets.xcassets */; };
		D03FB747258D00FC001E28DB /* NegaDeveloping.framework in Frameworks */ = {isa = PBXBuildFile; fileRef = D03FB6F5258CDB24001E28DB /* NegaDeveloping.framework */; };
		D03FB748258D00FC001E28DB /* NegaDeveloping.framework in Embed Frameworks */ = {isa = PBXBuildFile; fileRef = D03FB6F5258CDB24001E28DB /* NegaDeveloping.framework */; settings = {ATTRIBUTES = (CodeSignOnCopy, RemoveHeadersOnCopy, ); }; };
/* End PBXBuildFile section */

/* Begin PBXContainerItemProxy section */
		D03FB749258D00FC001E28DB /* PBXContainerItemProxy */ = {
			isa = PBXContainerItemProxy;
			containerPortal = D03FB6EC258CDB24001E28DB /* Project object */;
			proxyType = 1;
			remoteGlobalIDString = D03FB6F4258CDB24001E28DB;
			remoteInfo = NegaDeveloping;
		};
/* End PBXContainerItemProxy section */

/* Begin PBXCopyFilesBuildPhase section */
		D03FB74B258D00FC001E28DB /* Embed Frameworks */ = {
			isa = PBXCopyFilesBuildPhase;
			buildActionMask = 2147483647;
			dstPath = "";
			dstSubfolderSpec = 10;
			files = (
				D03FB748258D00FC001E28DB /* NegaDeveloping.framework in Embed Frameworks */,
			);
			name = "Embed Frameworks";
			runOnlyForDeploymentPostprocessing = 0;
		};
/* End PBXCopyFilesBuildPhase section */

/* Begin PBXFileReference section */
		D03FB6F5258CDB24001E28DB /* NegaDeveloping.framework */ = {isa = PBXFileReference; explicitFileType = wrapper.framework; includeInIndex = 0; path = NegaDeveloping.framework; sourceTree = BUILT_PRODUCTS_DIR; };
		D03FB6F9258CDB24001E28DB /* Info.plist */ = {isa = PBXFileReference; lastKnownFileType = text.plist.xml; path = Info.plist; sourceTree = "<group>"; };
		D03FB714258CDB8B001E28DB /* NegaDeveloping.swift */ = {isa = PBXFileReference; lastKnownFileType = sourcecode.swift; path = NegaDeveloping.swift; sourceTree = "<group>"; };
		D03FB718258CDC0D001E28DB /* ToneCurveFilterUseCase.swift */ = {isa = PBXFileReference; lastKnownFileType = sourcecode.swift; path = ToneCurveFilterUseCase.swift; sourceTree = "<group>"; };
		D03FB71D258CE8A1001E28DB /* ToneCurvePointsModel.swift */ = {isa = PBXFileReference; lastKnownFileType = sourcecode.swift; path = ToneCurvePointsModel.swift; sourceTree = "<group>"; };
		D03FB723258CE987001E28DB /* RgbChannelCompositing.metal */ = {isa = PBXFileReference; lastKnownFileType = sourcecode.metal; path = RgbChannelCompositing.metal; sourceTree = "<group>"; };
		D03FB735258D008C001E28DB /* NegaDevelopingSample.app */ = {isa = PBXFileReference; explicitFileType = wrapper.application; includeInIndex = 0; path = NegaDevelopingSample.app; sourceTree = BUILT_PRODUCTS_DIR; };
		D03FB737258D008C001E28DB /* NegaDevelopingSampleApp.swift */ = {isa = PBXFileReference; lastKnownFileType = sourcecode.swift; path = NegaDevelopingSampleApp.swift; sourceTree = "<group>"; };
		D03FB739258D008C001E28DB /* ContentView.swift */ = {isa = PBXFileReference; lastKnownFileType = sourcecode.swift; path = ContentView.swift; sourceTree = "<group>"; };
		D03FB73B258D0095001E28DB /* Assets.xcassets */ = {isa = PBXFileReference; lastKnownFileType = folder.assetcatalog; path = Assets.xcassets; sourceTree = "<group>"; };
		D03FB73E258D0095001E28DB /* Preview Assets.xcassets */ = {isa = PBXFileReference; lastKnownFileType = folder.assetcatalog; path = "Preview Assets.xcassets"; sourceTree = "<group>"; };
		D03FB740258D0095001E28DB /* Info.plist */ = {isa = PBXFileReference; lastKnownFileType = text.plist.xml; path = Info.plist; sourceTree = "<group>"; };
/* End PBXFileReference section */

/* Begin PBXFrameworksBuildPhase section */
		D03FB6F2258CDB24001E28DB /* Frameworks */ = {
			isa = PBXFrameworksBuildPhase;
			buildActionMask = 2147483647;
			files = (
			);
			runOnlyForDeploymentPostprocessing = 0;
		};
		D03FB732258D008C001E28DB /* Frameworks */ = {
			isa = PBXFrameworksBuildPhase;
			buildActionMask = 2147483647;
			files = (
				D03FB747258D00FC001E28DB /* NegaDeveloping.framework in Frameworks */,
			);
			runOnlyForDeploymentPostprocessing = 0;
		};
/* End PBXFrameworksBuildPhase section */

/* Begin PBXGroup section */
		D03FB6EB258CDB24001E28DB = {
			isa = PBXGroup;
			children = (
				D03FB6F7258CDB24001E28DB /* NegaDeveloping */,
				D03FB736258D008C001E28DB /* NegaDevelopingSample */,
				D03FB6F6258CDB24001E28DB /* Products */,
				D03FB746258D00FC001E28DB /* Frameworks */,
			);
			sourceTree = "<group>";
		};
		D03FB6F6258CDB24001E28DB /* Products */ = {
			isa = PBXGroup;
			children = (
				D03FB6F5258CDB24001E28DB /* NegaDeveloping.framework */,
				D03FB735258D008C001E28DB /* NegaDevelopingSample.app */,
			);
			name = Products;
			sourceTree = "<group>";
		};
		D03FB6F7258CDB24001E28DB /* NegaDeveloping */ = {
			isa = PBXGroup;
			children = (
				D03FB713258CDB72001E28DB /* UseCase */,
				D03FB6F9258CDB24001E28DB /* Info.plist */,
				D03FB714258CDB8B001E28DB /* NegaDeveloping.swift */,
				D03FB723258CE987001E28DB /* RgbChannelCompositing.metal */,
			);
			path = NegaDeveloping;
			sourceTree = "<group>";
		};
		D03FB713258CDB72001E28DB /* UseCase */ = {
			isa = PBXGroup;
			children = (
				D03FB71C258CE867001E28DB /* Model */,
				D03FB718258CDC0D001E28DB /* ToneCurveFilterUseCase.swift */,
			);
			path = UseCase;
			sourceTree = "<group>";
		};
		D03FB71C258CE867001E28DB /* Model */ = {
			isa = PBXGroup;
			children = (
				D03FB71D258CE8A1001E28DB /* ToneCurvePointsModel.swift */,
			);
			path = Model;
			sourceTree = "<group>";
		};
		D03FB736258D008C001E28DB /* NegaDevelopingSample */ = {
			isa = PBXGroup;
			children = (
				D03FB737258D008C001E28DB /* NegaDevelopingSampleApp.swift */,
				D03FB739258D008C001E28DB /* ContentView.swift */,
				D03FB73B258D0095001E28DB /* Assets.xcassets */,
				D03FB740258D0095001E28DB /* Info.plist */,
				D03FB73D258D0095001E28DB /* Preview Content */,
			);
			path = NegaDevelopingSample;
			sourceTree = "<group>";
		};
		D03FB73D258D0095001E28DB /* Preview Content */ = {
			isa = PBXGroup;
			children = (
				D03FB73E258D0095001E28DB /* Preview Assets.xcassets */,
			);
			path = "Preview Content";
			sourceTree = "<group>";
		};
		D03FB746258D00FC001E28DB /* Frameworks */ = {
			isa = PBXGroup;
			children = (
			);
			name = Frameworks;
			sourceTree = "<group>";
		};
/* End PBXGroup section */

/* Begin PBXHeadersBuildPhase section */
		D03FB6F0258CDB24001E28DB /* Headers */ = {
			isa = PBXHeadersBuildPhase;
			buildActionMask = 2147483647;
			files = (
			);
			runOnlyForDeploymentPostprocessing = 0;
		};
/* End PBXHeadersBuildPhase section */

/* Begin PBXNativeTarget section */
		D03FB6F4258CDB24001E28DB /* NegaDeveloping */ = {
			isa = PBXNativeTarget;
			buildConfigurationList = D03FB709258CDB24001E28DB /* Build configuration list for PBXNativeTarget "NegaDeveloping" */;
			buildPhases = (
				D03FB6F0258CDB24001E28DB /* Headers */,
				D03FB6F1258CDB24001E28DB /* Sources */,
				D03FB6F2258CDB24001E28DB /* Frameworks */,
				D03FB6F3258CDB24001E28DB /* Resources */,
			);
			buildRules = (
			);
			dependencies = (
			);
			name = NegaDeveloping;
			productName = NegaDeveloping;
			productReference = D03FB6F5258CDB24001E28DB /* NegaDeveloping.framework */;
			productType = "com.apple.product-type.framework";
		};
		D03FB734258D008C001E28DB /* NegaDevelopingSample */ = {
			isa = PBXNativeTarget;
			buildConfigurationList = D03FB741258D0095001E28DB /* Build configuration list for PBXNativeTarget "NegaDevelopingSample" */;
			buildPhases = (
				D03FB731258D008C001E28DB /* Sources */,
				D03FB732258D008C001E28DB /* Frameworks */,
				D03FB733258D008C001E28DB /* Resources */,
				D03FB74B258D00FC001E28DB /* Embed Frameworks */,
			);
			buildRules = (
			);
			dependencies = (
				D03FB74A258D00FC001E28DB /* PBXTargetDependency */,
			);
			name = NegaDevelopingSample;
			productName = NegaDevelopingSample;
			productReference = D03FB735258D008C001E28DB /* NegaDevelopingSample.app */;
			productType = "com.apple.product-type.application";
		};
/* End PBXNativeTarget section */

/* Begin PBXProject section */
		D03FB6EC258CDB24001E28DB /* Project object */ = {
			isa = PBXProject;
			attributes = {
				LastSwiftUpdateCheck = 1230;
				LastUpgradeCheck = 1230;
				TargetAttributes = {
					D03FB6F4258CDB24001E28DB = {
						CreatedOnToolsVersion = 12.3;
						LastSwiftMigration = 1230;
					};
					D03FB734258D008C001E28DB = {
						CreatedOnToolsVersion = 12.3;
					};
				};
			};
			buildConfigurationList = D03FB6EF258CDB24001E28DB /* Build configuration list for PBXProject "NegaDeveloping" */;
			compatibilityVersion = "Xcode 9.3";
			developmentRegion = en;
			hasScannedForEncodings = 0;
			knownRegions = (
				en,
				Base,
			);
			mainGroup = D03FB6EB258CDB24001E28DB;
			productRefGroup = D03FB6F6258CDB24001E28DB /* Products */;
			projectDirPath = "";
			projectRoot = "";
			targets = (
				D03FB6F4258CDB24001E28DB /* NegaDeveloping */,
				D03FB734258D008C001E28DB /* NegaDevelopingSample */,
			);
		};
/* End PBXProject section */

/* Begin PBXResourcesBuildPhase section */
		D03FB6F3258CDB24001E28DB /* Resources */ = {
			isa = PBXResourcesBuildPhase;
			buildActionMask = 2147483647;
			files = (
			);
			runOnlyForDeploymentPostprocessing = 0;
		};
		D03FB733258D008C001E28DB /* Resources */ = {
			isa = PBXResourcesBuildPhase;
			buildActionMask = 2147483647;
			files = (
				D03FB73F258D0095001E28DB /* Preview Assets.xcassets in Resources */,
				D03FB73C258D0095001E28DB /* Assets.xcassets in Resources */,
			);
			runOnlyForDeploymentPostprocessing = 0;
		};
/* End PBXResourcesBuildPhase section */

/* Begin PBXSourcesBuildPhase section */
		D03FB6F1258CDB24001E28DB /* Sources */ = {
			isa = PBXSourcesBuildPhase;
			buildActionMask = 2147483647;
			files = (
				D03FB724258CE987001E28DB /* RgbChannelCompositing.metal in Sources */,
				D03FB71E258CE8A1001E28DB /* ToneCurvePointsModel.swift in Sources */,
				D03FB715258CDB8B001E28DB /* NegaDeveloping.swift in Sources */,
				D03FB719258CDC0D001E28DB /* ToneCurveFilterUseCase.swift in Sources */,
			);
			runOnlyForDeploymentPostprocessing = 0;
		};
		D03FB731258D008C001E28DB /* Sources */ = {
			isa = PBXSourcesBuildPhase;
			buildActionMask = 2147483647;
			files = (
				D03FB73A258D008C001E28DB /* ContentView.swift in Sources */,
				D03FB738258D008C001E28DB /* NegaDevelopingSampleApp.swift in Sources */,
			);
			runOnlyForDeploymentPostprocessing = 0;
		};
/* End PBXSourcesBuildPhase section */

/* Begin PBXTargetDependency section */
		D03FB74A258D00FC001E28DB /* PBXTargetDependency */ = {
			isa = PBXTargetDependency;
			target = D03FB6F4258CDB24001E28DB /* NegaDeveloping */;
			targetProxy = D03FB749258D00FC001E28DB /* PBXContainerItemProxy */;
		};
/* End PBXTargetDependency section */

/* Begin XCBuildConfiguration section */
		D03FB707258CDB24001E28DB /* Debug */ = {
			isa = XCBuildConfiguration;
			buildSettings = {
				ALWAYS_SEARCH_USER_PATHS = NO;
				CLANG_ANALYZER_NONNULL = YES;
				CLANG_ANALYZER_NUMBER_OBJECT_CONVERSION = YES_AGGRESSIVE;
				CLANG_CXX_LANGUAGE_STANDARD = "gnu++14";
				CLANG_CXX_LIBRARY = "libc++";
				CLANG_ENABLE_MODULES = YES;
				CLANG_ENABLE_OBJC_ARC = YES;
				CLANG_ENABLE_OBJC_WEAK = YES;
				CLANG_WARN_BLOCK_CAPTURE_AUTORELEASING = YES;
				CLANG_WARN_BOOL_CONVERSION = YES;
				CLANG_WARN_COMMA = YES;
				CLANG_WARN_CONSTANT_CONVERSION = YES;
				CLANG_WARN_DEPRECATED_OBJC_IMPLEMENTATIONS = YES;
				CLANG_WARN_DIRECT_OBJC_ISA_USAGE = YES_ERROR;
				CLANG_WARN_DOCUMENTATION_COMMENTS = YES;
				CLANG_WARN_EMPTY_BODY = YES;
				CLANG_WARN_ENUM_CONVERSION = YES;
				CLANG_WARN_INFINITE_RECURSION = YES;
				CLANG_WARN_INT_CONVERSION = YES;
				CLANG_WARN_NON_LITERAL_NULL_CONVERSION = YES;
				CLANG_WARN_OBJC_IMPLICIT_RETAIN_SELF = YES;
				CLANG_WARN_OBJC_LITERAL_CONVERSION = YES;
				CLANG_WARN_OBJC_ROOT_CLASS = YES_ERROR;
				CLANG_WARN_QUOTED_INCLUDE_IN_FRAMEWORK_HEADER = YES;
				CLANG_WARN_RANGE_LOOP_ANALYSIS = YES;
				CLANG_WARN_STRICT_PROTOTYPES = YES;
				CLANG_WARN_SUSPICIOUS_MOVE = YES;
				CLANG_WARN_UNGUARDED_AVAILABILITY = YES_AGGRESSIVE;
				CLANG_WARN_UNREACHABLE_CODE = YES;
				CLANG_WARN__DUPLICATE_METHOD_MATCH = YES;
				COPY_PHASE_STRIP = NO;
				CURRENT_PROJECT_VERSION = 1;
				DEBUG_INFORMATION_FORMAT = dwarf;
				ENABLE_STRICT_OBJC_MSGSEND = YES;
				ENABLE_TESTABILITY = YES;
				GCC_C_LANGUAGE_STANDARD = gnu11;
				GCC_DYNAMIC_NO_PIC = NO;
				GCC_NO_COMMON_BLOCKS = YES;
				GCC_OPTIMIZATION_LEVEL = 0;
				GCC_PREPROCESSOR_DEFINITIONS = (
					"DEBUG=1",
					"$(inherited)",
				);
				GCC_WARN_64_TO_32_BIT_CONVERSION = YES;
				GCC_WARN_ABOUT_RETURN_TYPE = YES_ERROR;
				GCC_WARN_UNDECLARED_SELECTOR = YES;
				GCC_WARN_UNINITIALIZED_AUTOS = YES_AGGRESSIVE;
				GCC_WARN_UNUSED_FUNCTION = YES;
				GCC_WARN_UNUSED_VARIABLE = YES;
				IPHONEOS_DEPLOYMENT_TARGET = 14.3;
				MTL_ENABLE_DEBUG_INFO = INCLUDE_SOURCE;
				MTL_FAST_MATH = YES;
				ONLY_ACTIVE_ARCH = YES;
				SDKROOT = iphoneos;
				SWIFT_ACTIVE_COMPILATION_CONDITIONS = DEBUG;
				SWIFT_OPTIMIZATION_LEVEL = "-Onone";
				VERSIONING_SYSTEM = "apple-generic";
				VERSION_INFO_PREFIX = "";
			};
			name = Debug;
		};
		D03FB708258CDB24001E28DB /* Release */ = {
			isa = XCBuildConfiguration;
			buildSettings = {
				ALWAYS_SEARCH_USER_PATHS = NO;
				CLANG_ANALYZER_NONNULL = YES;
				CLANG_ANALYZER_NUMBER_OBJECT_CONVERSION = YES_AGGRESSIVE;
				CLANG_CXX_LANGUAGE_STANDARD = "gnu++14";
				CLANG_CXX_LIBRARY = "libc++";
				CLANG_ENABLE_MODULES = YES;
				CLANG_ENABLE_OBJC_ARC = YES;
				CLANG_ENABLE_OBJC_WEAK = YES;
				CLANG_WARN_BLOCK_CAPTURE_AUTORELEASING = YES;
				CLANG_WARN_BOOL_CONVERSION = YES;
				CLANG_WARN_COMMA = YES;
				CLANG_WARN_CONSTANT_CONVERSION = YES;
				CLANG_WARN_DEPRECATED_OBJC_IMPLEMENTATIONS = YES;
				CLANG_WARN_DIRECT_OBJC_ISA_USAGE = YES_ERROR;
				CLANG_WARN_DOCUMENTATION_COMMENTS = YES;
				CLANG_WARN_EMPTY_BODY = YES;
				CLANG_WARN_ENUM_CONVERSION = YES;
				CLANG_WARN_INFINITE_RECURSION = YES;
				CLANG_WARN_INT_CONVERSION = YES;
				CLANG_WARN_NON_LITERAL_NULL_CONVERSION = YES;
				CLANG_WARN_OBJC_IMPLICIT_RETAIN_SELF = YES;
				CLANG_WARN_OBJC_LITERAL_CONVERSION = YES;
				CLANG_WARN_OBJC_ROOT_CLASS = YES_ERROR;
				CLANG_WARN_QUOTED_INCLUDE_IN_FRAMEWORK_HEADER = YES;
				CLANG_WARN_RANGE_LOOP_ANALYSIS = YES;
				CLANG_WARN_STRICT_PROTOTYPES = YES;
				CLANG_WARN_SUSPICIOUS_MOVE = YES;
				CLANG_WARN_UNGUARDED_AVAILABILITY = YES_AGGRESSIVE;
				CLANG_WARN_UNREACHABLE_CODE = YES;
				CLANG_WARN__DUPLICATE_METHOD_MATCH = YES;
				COPY_PHASE_STRIP = NO;
				CURRENT_PROJECT_VERSION = 1;
				DEBUG_INFORMATION_FORMAT = "dwarf-with-dsym";
				ENABLE_NS_ASSERTIONS = NO;
				ENABLE_STRICT_OBJC_MSGSEND = YES;
				GCC_C_LANGUAGE_STANDARD = gnu11;
				GCC_NO_COMMON_BLOCKS = YES;
				GCC_WARN_64_TO_32_BIT_CONVERSION = YES;
				GCC_WARN_ABOUT_RETURN_TYPE = YES_ERROR;
				GCC_WARN_UNDECLARED_SELECTOR = YES;
				GCC_WARN_UNINITIALIZED_AUTOS = YES_AGGRESSIVE;
				GCC_WARN_UNUSED_FUNCTION = YES;
				GCC_WARN_UNUSED_VARIABLE = YES;
				IPHONEOS_DEPLOYMENT_TARGET = 14.3;
				MTL_ENABLE_DEBUG_INFO = NO;
				MTL_FAST_MATH = YES;
				SDKROOT = iphoneos;
				SWIFT_COMPILATION_MODE = wholemodule;
				SWIFT_OPTIMIZATION_LEVEL = "-O";
				VALIDATE_PRODUCT = YES;
				VERSIONING_SYSTEM = "apple-generic";
				VERSION_INFO_PREFIX = "";
			};
			name = Release;
		};
		D03FB70A258CDB24001E28DB /* Debug */ = {
			isa = XCBuildConfiguration;
			buildSettings = {
				CLANG_ENABLE_MODULES = YES;
				CODE_SIGN_STYLE = Automatic;
				DEFINES_MODULE = YES;
				DYLIB_COMPATIBILITY_VERSION = 1;
				DYLIB_CURRENT_VERSION = 1;
				DYLIB_INSTALL_NAME_BASE = "@rpath";
				INFOPLIST_FILE = NegaDeveloping/Info.plist;
				INSTALL_PATH = "$(LOCAL_LIBRARY_DIR)/Frameworks";
				IPHONEOS_DEPLOYMENT_TARGET = 12.0;
				LD_RUNPATH_SEARCH_PATHS = (
					"$(inherited)",
					"@executable_path/Frameworks",
					"@loader_path/Frameworks",
				);
				MTLLINKER_FLAGS = "-fcikernel";
				MTL_COMPILER_FLAGS = "-fcikernel";
				MTL_ENABLE_DEBUG_INFO = NO;
				PRODUCT_BUNDLE_IDENTIFIER = net.yamatte.NegaDeveloping;
				PRODUCT_NAME = "$(TARGET_NAME:c99extidentifier)";
				SKIP_INSTALL = YES;
				SWIFT_OPTIMIZATION_LEVEL = "-Onone";
				SWIFT_VERSION = 5.0;
				TARGETED_DEVICE_FAMILY = "1,2";
			};
			name = Debug;
		};
		D03FB70B258CDB24001E28DB /* Release */ = {
			isa = XCBuildConfiguration;
			buildSettings = {
				CLANG_ENABLE_MODULES = YES;
				CODE_SIGN_STYLE = Automatic;
				DEFINES_MODULE = YES;
				DYLIB_COMPATIBILITY_VERSION = 1;
				DYLIB_CURRENT_VERSION = 1;
				DYLIB_INSTALL_NAME_BASE = "@rpath";
				INFOPLIST_FILE = NegaDeveloping/Info.plist;
				INSTALL_PATH = "$(LOCAL_LIBRARY_DIR)/Frameworks";
				IPHONEOS_DEPLOYMENT_TARGET = 12.0;
				LD_RUNPATH_SEARCH_PATHS = (
					"$(inherited)",
					"@executable_path/Frameworks",
					"@loader_path/Frameworks",
				);
				MTLLINKER_FLAGS = "-fcikernel";
				MTL_COMPILER_FLAGS = "-fcikernel";
				PRODUCT_BUNDLE_IDENTIFIER = net.yamatte.NegaDeveloping;
				PRODUCT_NAME = "$(TARGET_NAME:c99extidentifier)";
				SKIP_INSTALL = YES;
				SWIFT_VERSION = 5.0;
				TARGETED_DEVICE_FAMILY = "1,2";
			};
			name = Release;
		};
		D03FB742258D0095001E28DB /* Debug */ = {
			isa = XCBuildConfiguration;
			buildSettings = {
				ASSETCATALOG_COMPILER_APPICON_NAME = AppIcon;
				ASSETCATALOG_COMPILER_GLOBAL_ACCENT_COLOR_NAME = AccentColor;
				CODE_SIGN_STYLE = Automatic;
				DEVELOPMENT_ASSET_PATHS = "\"NegaDevelopingSample/Preview Content\"";
				ENABLE_PREVIEWS = YES;
				INFOPLIST_FILE = NegaDevelopingSample/Info.plist;
				IPHONEOS_DEPLOYMENT_TARGET = 14.0;
				LD_RUNPATH_SEARCH_PATHS = (
					"$(inherited)",
					"@executable_path/Frameworks",
				);
				PRODUCT_BUNDLE_IDENTIFIER = net.yamatte.NegaDevelopingSample;
				PRODUCT_NAME = "$(TARGET_NAME)";
				SWIFT_VERSION = 5.0;
				TARGETED_DEVICE_FAMILY = "1,2";
			};
			name = Debug;
		};
		D03FB743258D0095001E28DB /* Release */ = {
			isa = XCBuildConfiguration;
			buildSettings = {
				ASSETCATALOG_COMPILER_APPICON_NAME = AppIcon;
				ASSETCATALOG_COMPILER_GLOBAL_ACCENT_COLOR_NAME = AccentColor;
				CODE_SIGN_STYLE = Automatic;
				DEVELOPMENT_ASSET_PATHS = "\"NegaDevelopingSample/Preview Content\"";
				ENABLE_PREVIEWS = YES;
				INFOPLIST_FILE = NegaDevelopingSample/Info.plist;
				IPHONEOS_DEPLOYMENT_TARGET = 14.0;
				LD_RUNPATH_SEARCH_PATHS = (
					"$(inherited)",
					"@executable_path/Frameworks",
				);
				PRODUCT_BUNDLE_IDENTIFIER = net.yamatte.NegaDevelopingSample;
				PRODUCT_NAME = "$(TARGET_NAME)";
				SWIFT_VERSION = 5.0;
				TARGETED_DEVICE_FAMILY = "1,2";
			};
			name = Release;
		};
/* End XCBuildConfiguration section */

/* Begin XCConfigurationList section */
		D03FB6EF258CDB24001E28DB /* Build configuration list for PBXProject "NegaDeveloping" */ = {
			isa = XCConfigurationList;
			buildConfigurations = (
				D03FB707258CDB24001E28DB /* Debug */,
				D03FB708258CDB24001E28DB /* Release */,
			);
			defaultConfigurationIsVisible = 0;
			defaultConfigurationName = Release;
		};
		D03FB709258CDB24001E28DB /* Build configuration list for PBXNativeTarget "NegaDeveloping" */ = {
			isa = XCConfigurationList;
			buildConfigurations = (
				D03FB70A258CDB24001E28DB /* Debug */,
				D03FB70B258CDB24001E28DB /* Release */,
			);
			defaultConfigurationIsVisible = 0;
			defaultConfigurationName = Release;
		};
		D03FB741258D0095001E28DB /* Build configuration list for PBXNativeTarget "NegaDevelopingSample" */ = {
			isa = XCConfigurationList;
			buildConfigurations = (
				D03FB742258D0095001E28DB /* Debug */,
				D03FB743258D0095001E28DB /* Release */,
			);
			defaultConfigurationIsVisible = 0;
			defaultConfigurationName = Release;
		};
/* End XCConfigurationList section */
	};
	rootObject = D03FB6EC258CDB24001E28DB /* Project object */;
}
